Microsoft Visual Studio Solution File, Format Version 11.00
# Visual Studio 2008

Project("{1CF4C14F-9082-E567-8EC8-A47E265225D9}") = "smart-citizen-visualisation", "Assembly-CSharp-firstpass.csproj", "{0FB87F0D-F28D-D5FD-BDD7-A379030766FA}"
EndProject
Project("{1CF4C14F-9082-E567-8EC8-A47E265225D9}") = "smart-citizen-visualisation", "Assembly-CSharp.csproj", "{C6B5B568-9907-6B54-5BE3-650D5B4EBD45}"
EndProject
Project("{1CF4C14F-9082-E567-8EC8-A47E265225D9}") = "smart-citizen-visualisation", "Assembly-UnityScript.unityproj", "{2ABFF19F-49CE-579A-B8DA-DBF21E93FE56}"
EndProject
Global
	GlobalSection(SolutionConfigurationPlatforms) = preSolution
		Debug|Any CPU = Debug|Any CPU
		Release|Any CPU = Release|Any CPU
	EndGlobalSection
	GlobalSection(ProjectConfigurationPlatforms) = postSolution
		{0FB87F0D-F28D-D5FD-BDD7-A379030766FA}.Debug|Any CPU.ActiveCfg = Debug|Any CPU
		{0FB87F0D-F28D-D5FD-BDD7-A379030766FA}.Debug|Any CPU.Build.0 = Debug|Any CPU
		{0FB87F0D-F28D-D5FD-BDD7-A379030766FA}.Release|Any CPU.ActiveCfg = Release|Any CPU
		{0FB87F0D-F28D-D5FD-BDD7-A379030766FA}.Release|Any CPU.Build.0 = Release|Any CPU
		{C6B5B568-9907-6B54-5BE3-650D5B4EBD45}.Debug|Any CPU.ActiveCfg = Debug|Any CPU
		{C6B5B568-9907-6B54-5BE3-650D5B4EBD45}.Debug|Any CPU.Build.0 = Debug|Any CPU
		{C6B5B568-9907-6B54-5BE3-650D5B4EBD45}.Release|Any CPU.ActiveCfg = Release|Any CPU
		{C6B5B568-9907-6B54-5BE3-650D5B4EBD45}.Release|Any CPU.Build.0 = Release|Any CPU
		{2ABFF19F-49CE-579A-B8DA-DBF21E93FE56}.Debug|Any CPU.ActiveCfg = Debug|Any CPU
		{2ABFF19F-49CE-579A-B8DA-DBF21E93FE56}.Debug|Any CPU.Build.0 = Debug|Any CPU
		{2ABFF19F-49CE-579A-B8DA-DBF21E93FE56}.Release|Any CPU.ActiveCfg = Release|Any CPU
		{2ABFF19F-49CE-579A-B8DA-DBF21E93FE56}.Release|Any CPU.Build.0 = Release|Any CPU
	EndGlobalSection
	GlobalSection(SolutionProperties) = preSolution
		HideSolutionNode = FALSE
	EndGlobalSection
				GlobalSection(MonoDevelopProperties) = preSolution
		StartupItem = Assembly-CSharp.csproj
		Policies = $0
		$0.TextStylePolicy = $1
		$1.inheritsSet = null
		$1.scope = text/x-csharp
		$0.CSharpFormattingPolicy = $2
		$2.inheritsSet = Mono
		$2.inheritsScope = text/x-csharp
		$2.scope = text/x-csharp
		$0.TextStylePolicy = $3
		$3.FileWidth = 120
		$3.TabWidth = 4
		$3.EolMarker = Unix
		$3.inheritsSet = Mono
		$3.inheritsScope = text/plain
		$3.scope = text/plain
	EndGlobalSection

EndGlobal
